
Microsoft Visual Studio Solution File, Format Version 12.00
# Visual Studio Version 16
VisualStudioVersion = 16.0.30709.132
MinimumVisualStudioVersion = 10.0.40219.1
Project("{8BC9CEB8-8B4A-11D0-8D11-00A0C91BC942}") = "johnnyguitar", "nvse_plugin_example.vcxproj", "{AE7CFEE7-4058-4E3C-ADC2-AE7480EE2028}"
EndProject
Global
	GlobalSection(SolutionConfigurationPlatforms) = preSolution
		Debug|Win32 = Debug|Win32
		Release|Win32 = Release|Win32
	EndGlobalSection
	GlobalSection(ProjectConfigurationPlatforms) = postSolution
		{AE7CFEE7-4058-4E3C-ADC2-AE7480EE2028}.Debug|Win32.ActiveCfg = Debug|Win32
		{AE7CFEE7-4058-4E3C-ADC2-AE7480EE2028}.Debug|Win32.Build.0 = Debug|Win32
		{AE7CFEE7-4058-4E3C-ADC2-AE7480EE2028}.Release|Win32.ActiveCfg = Release|Win32
		{AE7CFEE7-4058-4E3C-ADC2-AE7480EE2028}.Release|Win32.Build.0 = Release|Win32
	EndGlobalSection
	GlobalSection(SolutionProperties) = preSolution
		HideSolutionNode = FALSE
	EndGlobalSection
	GlobalSection(ExtensibilityGlobals) = postSolution
		SolutionGuid = {4B548CC2-2EB6-4E96-891D-263C65B1D82B}
	EndGlobalSection
EndGlobal
