<?xml version="1.0" encoding="utf-8"?>
<Project ToolsVersion="4.0" xmlns="http://schemas.microsoft.com/developer/msbuild/2003">
  <ItemGroup>
    <Filter Include="nvse">
      <UniqueIdentifier>{2eaaadcd-6d04-40fb-8af0-7ccfba826342}</UniqueIdentifier>
    </Filter>
    <Filter Include="internal">
      <UniqueIdentifier>{52c8a8cc-3ee5-4c0b-bd07-b5947bc93985}</UniqueIdentifier>
    </Filter>
    <Filter Include="internal\md5">
      <UniqueIdentifier>{f342ad93-a4cc-436a-9027-316b41bbc130}</UniqueIdentifier>
    </Filter>
    <Filter Include="internal\sha1">
      <UniqueIdentifier>{92cbffb5-c87c-4e83-8834-99510ec93917}</UniqueIdentifier>
    </Filter>
    <Filter Include="events">
      <UniqueIdentifier>{f444b756-9369-4af3-8c79-55b7c623bcf5}</UniqueIdentifier>
    </Filter>
    <Filter Include="functions">
      <UniqueIdentifier>{b6e6f5cd-9eab-4706-a728-12e4730c85c8}</UniqueIdentifier>
    </Filter>
    <Filter Include="misc">
      <UniqueIdentifier>{4714bb52-e742-43b4-9391-6acc122a3c7b}</UniqueIdentifier>
    </Filter>
    <Filter Include="internal\Game">
      <UniqueIdentifier>{7c8611b0-0cea-47ab-90d0-9c60d03eab90}</UniqueIdentifier>
    </Filter>
    <Filter Include="internal\Game\Bethesda">
      <UniqueIdentifier>{97974e1d-e11d-4288-8ba1-4f4c84de7771}</UniqueIdentifier>
    </Filter>
    <Filter Include="internal\Game\Gamebryo">
      <UniqueIdentifier>{af07fc3e-f778-43b2-bd18-486725510352}</UniqueIdentifier>
    </Filter>
    <Filter Include="internal\JG">
      <UniqueIdentifier>{476c4296-1ba1-40eb-a500-61342e9d4777}</UniqueIdentifier>
    </Filter>
    <Filter Include="internal\JIP">
      <UniqueIdentifier>{49555d54-368f-4267-a3a7-3ef5112a8cee}</UniqueIdentifier>
    </Filter>
    <Filter Include="shared">
      <UniqueIdentifier>{4d26ed72-ff83-447d-8598-3f487d8c9768}</UniqueIdentifier>
    </Filter>
    <Filter Include="shared\BSMemory">
      <UniqueIdentifier>{f6ec4eb0-f573-4196-aa5e-7451278d62d9}</UniqueIdentifier>
    </Filter>
    <Filter Include="shared\Utils">
      <UniqueIdentifier>{13a267fa-4af1-40d0-92cb-27aa8c7de76f}</UniqueIdentifier>
    </Filter>
    <Filter Include="shared\SafeWrite">
      <UniqueIdentifier>{3c90c5fc-b2e8-4943-944a-731e488f1447}</UniqueIdentifier>
    </Filter>
  </ItemGroup>
  <ItemGroup>
    <ClCompile Include="..\nvse\nvse\GameAPI.cpp">
      <Filter>nvse</Filter>
    </ClCompile>
    <ClCompile Include="..\nvse\nvse\GameBSExtraData.cpp">
      <Filter>nvse</Filter>
    </ClCompile>
    <ClCompile Include="..\nvse\nvse\GameData.cpp">
      <Filter>nvse</Filter>
    </ClCompile>
    <ClCompile Include="..\nvse\nvse\GameExtraData.cpp">
      <Filter>nvse</Filter>
    </ClCompile>
    <ClCompile Include="..\nvse\nvse\GameForms.cpp">
      <Filter>nvse</Filter>
    </ClCompile>
    <ClCompile Include="..\nvse\nvse\GameObjects.cpp">
      <Filter>nvse</Filter>
    </ClCompile>
    <ClCompile Include="..\nvse\nvse\GameOSDepend.cpp">
      <Filter>nvse</Filter>
    </ClCompile>
    <ClCompile Include="..\nvse\nvse\GameRTTI.cpp">
      <Filter>nvse</Filter>
    </ClCompile>
    <ClCompile Include="..\nvse\nvse\GameScript.cpp">
      <Filter>nvse</Filter>
    </ClCompile>
    <ClCompile Include="..\nvse\nvse\GameSettings.cpp">
      <Filter>nvse</Filter>
    </ClCompile>
    <ClCompile Include="..\nvse\nvse\GameTasks.cpp">
      <Filter>nvse</Filter>
    </ClCompile>
    <ClCompile Include="..\nvse\nvse\GameTiles.cpp">
      <Filter>nvse</Filter>
    </ClCompile>
    <ClCompile Include="..\nvse\nvse\Utilities.cpp">
      <Filter>nvse</Filter>
    </ClCompile>
    <ClCompile Include="internal\utility.cpp">
      <Filter>internal</Filter>
    </ClCompile>
    <ClCompile Include="internal\md5\md5.cpp">
      <Filter>internal\md5</Filter>
    </ClCompile>
    <ClCompile Include="JohnnyGuitarNVSE.cpp" />
    <ClCompile Include="internal\sha1\sha1.cpp">
      <Filter>internal\sha1</Filter>
    </ClCompile>
    <ClCompile Include="events\LambdaVariableContext.cpp">
      <Filter>events</Filter>
    </ClCompile>
    <ClCompile Include="..\nvse\nvse\GameUI.cpp">
      <Filter>nvse</Filter>
    </ClCompile>
    <ClCompile Include="..\nvse\nvse\NiTypes.cpp">
      <Filter>nvse</Filter>
    </ClCompile>
    <ClCompile Include="internal\Game\Bethesda\MenuTopic.cpp">
      <Filter>internal\Game\Bethesda</Filter>
    </ClCompile>
    <ClCompile Include="internal\Game\Bethesda\DialogueItem.cpp">
      <Filter>internal\Game\Bethesda</Filter>
    </ClCompile>
    <ClCompile Include="internal\Game\Bethesda\Conversation.cpp">
      <Filter>internal\Game\Bethesda</Filter>
    </ClCompile>
    <ClCompile Include="internal\Game\Bethesda\AutoMemContext.cpp">
      <Filter>internal\Game\Bethesda</Filter>
    </ClCompile>
    <ClCompile Include="internal\Game\Gamebryo\NiFixedString.cpp">
      <Filter>internal\Game\Gamebryo</Filter>
    </ClCompile>
    <ClCompile Include="internal\Game\Gamebryo\NiGlobalStringTable.cpp">
      <Filter>internal\Game\Gamebryo</Filter>
    </ClCompile>
    <ClCompile Include="internal\Game\Gamebryo\NiMemObject.cpp">
      <Filter>internal\Game\Gamebryo</Filter>
    </ClCompile>
    <ClCompile Include="internal\Game\Gamebryo\NiMemory.cpp">
      <Filter>internal\Game\Gamebryo</Filter>
    </ClCompile>
    <ClCompile Include="misc\misc.cpp">
      <Filter>misc</Filter>
    </ClCompile>
    <ClCompile Include="events\EventFramework.cpp">
      <Filter>events</Filter>
    </ClCompile>
    <ClCompile Include="internal\JG\EditorIDRestoration.cpp">
      <Filter>internal\JG</Filter>
    </ClCompile>
    <ClCompile Include="internal\JG\JohnnyExtraData.cpp">
      <Filter>internal\JG</Filter>
    </ClCompile>
    <ClCompile Include="internal\JIP\JIPFixes.cpp">
      <Filter>internal\JIP</Filter>
    </ClCompile>
    <ClCompile Include="..\shared\BSMemory\BSMemory.cpp">
      <Filter>shared\BSMemory</Filter>
    </ClCompile>
    <ClCompile Include="..\shared\SafeWrite\SafeWrite.cpp">
      <Filter>shared\SafeWrite</Filter>
    </ClCompile>
    <ClCompile Include="internal\Game\Bethesda\FileFinder.cpp">
      <Filter>internal\Game\Bethesda</Filter>
    </ClCompile>
  </ItemGroup>
  <ItemGroup>
    <ClInclude Include="..\nvse\nvse\GameAPI.h">
      <Filter>nvse</Filter>
    </ClInclude>
    <ClInclude Include="..\nvse\nvse\GameBSExtraData.h">
      <Filter>nvse</Filter>
    </ClInclude>
    <ClInclude Include="..\nvse\nvse\GameData.h">
      <Filter>nvse</Filter>
    </ClInclude>
    <ClInclude Include="..\nvse\nvse\GameEffects.h">
      <Filter>nvse</Filter>
    </ClInclude>
    <ClInclude Include="..\nvse\nvse\GameExtraData.h">
      <Filter>nvse</Filter>
    </ClInclude>
    <ClInclude Include="..\nvse\nvse\GameForms.h">
      <Filter>nvse</Filter>
    </ClInclude>
    <ClInclude Include="..\nvse\nvse\GameObjects.h">
      <Filter>nvse</Filter>
    </ClInclude>
    <ClInclude Include="..\nvse\nvse\GameOSDepend.h">
      <Filter>nvse</Filter>
    </ClInclude>
    <ClInclude Include="..\nvse\nvse\GameRTTI.h">
      <Filter>nvse</Filter>
    </ClInclude>
    <ClInclude Include="..\nvse\nvse\GameSettings.h">
      <Filter>nvse</Filter>
    </ClInclude>
    <ClInclude Include="..\nvse\nvse\GameTasks.h">
      <Filter>nvse</Filter>
    </ClInclude>
    <ClInclude Include="..\nvse\nvse\GameTiles.h">
      <Filter>nvse</Filter>
    </ClInclude>
    <ClInclude Include="..\nvse\nvse\GameTypes.h">
      <Filter>nvse</Filter>
    </ClInclude>
    <ClInclude Include="..\nvse\nvse\Utilities.h">
      <Filter>nvse</Filter>
    </ClInclude>
    <ClInclude Include="internal\decoding.h">
      <Filter>internal</Filter>
    </ClInclude>
    <ClInclude Include="internal\havok.h">
      <Filter>internal</Filter>
    </ClInclude>
    <ClInclude Include="internal\netimmerse.h">
      <Filter>internal</Filter>
    </ClInclude>
    <ClInclude Include="internal\utility.h">
      <Filter>internal</Filter>
    </ClInclude>
    <ClInclude Include="internal\md5\md5.h">
      <Filter>internal\md5</Filter>
    </ClInclude>
    <ClInclude Include="internal\sha1\sha1.h">
      <Filter>internal\sha1</Filter>
    </ClInclude>
    <ClInclude Include="..\nvse\nvse\GameUI.h">
      <Filter>nvse</Filter>
    </ClInclude>
    <ClInclude Include="..\nvse\nvse\CommandTable.h">
      <Filter>nvse</Filter>
    </ClInclude>
    <ClInclude Include="..\nvse\nvse\PluginAPI.h">
      <Filter>nvse</Filter>
    </ClInclude>
    <ClInclude Include="JohnnyGuitarNVSE.h" />
    <ClInclude Include="events\EventFramework.h">
      <Filter>events</Filter>
    </ClInclude>
    <ClInclude Include="events\JohnnyEvents.h">
      <Filter>events</Filter>
    </ClInclude>
    <ClInclude Include="functions\fn_av.h">
      <Filter>functions</Filter>
    </ClInclude>
    <ClInclude Include="functions\fn_file.h">
      <Filter>functions</Filter>
    </ClInclude>
    <ClInclude Include="functions\fn_form.h">
      <Filter>functions</Filter>
    </ClInclude>
    <ClInclude Include="functions\fn_gameplay.h">
      <Filter>functions</Filter>
    </ClInclude>
    <ClInclude Include="functions\fn_math.h">
      <Filter>functions</Filter>
    </ClInclude>
    <ClInclude Include="functions\fn_mediaset.h">
      <Filter>functions</Filter>
    </ClInclude>
    <ClInclude Include="functions\fn_region.h">
      <Filter>functions</Filter>
    </ClInclude>
    <ClInclude Include="functions\fn_terminal.h">
      <Filter>functions</Filter>
    </ClInclude>
    <ClInclude Include="functions\fn_ui.h">
      <Filter>functions</Filter>
    </ClInclude>
    <ClInclude Include="functions\fn_utility.h">
      <Filter>functions</Filter>
    </ClInclude>
    <ClInclude Include="misc\misc.h">
      <Filter>misc</Filter>
    </ClInclude>
    <ClInclude Include="misc\WorldToScreen.h">
      <Filter>misc</Filter>
    </ClInclude>
    <ClInclude Include="..\nvse\nvse\ParamInfos.h">
      <Filter>nvse</Filter>
    </ClInclude>
    <ClInclude Include="events\LambdaVariableContext.h">
      <Filter>events</Filter>
    </ClInclude>
    <ClInclude Include="functions\fn_book.h">
      <Filter>functions</Filter>
    </ClInclude>
    <ClInclude Include="internal\serialization.h">
      <Filter>internal</Filter>
    </ClInclude>
    <ClInclude Include="..\nvse\nvse\GameSound.h">
      <Filter>nvse</Filter>
    </ClInclude>
    <ClInclude Include="..\nvse\nvse\GameProcess.h">
      <Filter>nvse</Filter>
    </ClInclude>
    <ClInclude Include="internal\Game\Bethesda\MenuTopic.hpp">
      <Filter>internal\Game\Bethesda</Filter>
    </ClInclude>
    <ClInclude Include="internal\Game\Bethesda\BSStringT.hpp">
      <Filter>internal\Game\Bethesda</Filter>
    </ClInclude>
    <ClInclude Include="internal\Game\Bethesda\DialogueItem.hpp">
      <Filter>internal\Game\Bethesda</Filter>
    </ClInclude>
    <ClInclude Include="internal\Game\Bethesda\DialogueResponse.hpp">
      <Filter>internal\Game\Bethesda</Filter>
    </ClInclude>
    <ClInclude Include="internal\Game\Bethesda\Conversation.hpp">
      <Filter>internal\Game\Bethesda</Filter>
    </ClInclude>
    <ClInclude Include="internal\Game\Bethesda\AutoMemContext.hpp">
      <Filter>internal\Game\Bethesda</Filter>
    </ClInclude>
    <ClInclude Include="internal\Game\Bethesda\MemoryContexts.hpp">
      <Filter>internal\Game\Bethesda</Filter>
    </ClInclude>
    <ClInclude Include="internal\Game\Gamebryo\NiSmartPointer.hpp">
      <Filter>internal\Game\Gamebryo</Filter>
    </ClInclude>
    <ClInclude Include="internal\Game\Gamebryo\NiFixedString.hpp">
      <Filter>internal\Game\Gamebryo</Filter>
    </ClInclude>
    <ClInclude Include="internal\Game\Gamebryo\NiGlobalStringTable.hpp">
      <Filter>internal\Game\Gamebryo</Filter>
    </ClInclude>
    <ClInclude Include="internal\Game\Gamebryo\NiMemObject.hpp">
      <Filter>internal\Game\Gamebryo</Filter>
    </ClInclude>
    <ClInclude Include="internal\Game\Gamebryo\NiMemory.hpp">
      <Filter>internal\Game\Gamebryo</Filter>
    </ClInclude>
    <ClInclude Include="internal\Game\Gamebryo\NiCriticalSection.hpp">
      <Filter>internal\Game\Gamebryo</Filter>
    </ClInclude>
    <ClInclude Include="internal\JG\EditorIDRestoration.hpp">
      <Filter>internal\JG</Filter>
    </ClInclude>
    <ClInclude Include="internal\JG\JohnnyExtraData.hpp">
      <Filter>internal\JG</Filter>
    </ClInclude>
    <ClInclude Include="internal\JIP\JIPFixes.hpp">
      <Filter>internal\JIP</Filter>
    </ClInclude>
    <ClInclude Include="functions\fn_dial.h">
      <Filter>functions</Filter>
    </ClInclude>
    <ClInclude Include="..\shared\BSMemory\BSMemory.hpp">
      <Filter>shared\BSMemory</Filter>
    </ClInclude>
    <ClInclude Include="..\shared\Utils\Bitfield.hpp">
      <Filter>shared\Utils</Filter>
    </ClInclude>
    <ClInclude Include="..\shared\Defines.hpp">
      <Filter>shared</Filter>
    </ClInclude>
    <ClInclude Include="..\shared\SafeWrite\SafeWrite.hpp">
      <Filter>shared\SafeWrite</Filter>
    </ClInclude>
    <ClInclude Include="internal\Game\Bethesda\BaseFormComponent.hpp">
      <Filter>internal\Game\Bethesda</Filter>
    </ClInclude>
    <ClInclude Include="internal\Game\Bethesda\BSEnums.hpp">
      <Filter>internal\Game\Bethesda</Filter>
    </ClInclude>
    <ClInclude Include="internal\Game\Bethesda\BSMemObject.hpp">
      <Filter>internal\Game\Bethesda</Filter>
    </ClInclude>
    <ClInclude Include="internal\Game\Bethesda\BSSimpleList.hpp">
      <Filter>internal\Game\Bethesda</Filter>
    </ClInclude>
    <ClInclude Include="internal\Game\Bethesda\FileFinder.hpp">
      <Filter>internal\Game\Bethesda</Filter>
    </ClInclude>
  </ItemGroup>
  <ItemGroup>
    <None Include="exports.def" />
    <None Include="internal\Game\Bethesda\BSStringT.inl">
      <Filter>internal\Game\Bethesda</Filter>
    </None>
    <None Include="internal\Game\Bethesda\BSSimpleList.inl">
      <Filter>internal\Game\Bethesda</Filter>
    </None>
  </ItemGroup>
</Project>