<?xml version="1.0" encoding="utf-8"?>
<Project ToolsVersion="4.0" xmlns="http://schemas.microsoft.com/developer/msbuild/2003">
  <ItemGroup>
    <Filter Include="nvse">
      <UniqueIdentifier>{2eaaadcd-6d04-40fb-8af0-7ccfba826342}</UniqueIdentifier>
    </Filter>
    <Filter Include="internal">
      <UniqueIdentifier>{52c8a8cc-3ee5-4c0b-bd07-b5947bc93985}</UniqueIdentifier>
    </Filter>
    <Filter Include="internal\md5">
      <UniqueIdentifier>{f342ad93-a4cc-436a-9027-316b41bbc130}</UniqueIdentifier>
    </Filter>
    <Filter Include="internal\sha1">
      <UniqueIdentifier>{92cbffb5-c87c-4e83-8834-99510ec93917}</UniqueIdentifier>
    </Filter>
    <Filter Include="events">
      <UniqueIdentifier>{f444b756-9369-4af3-8c79-55b7c623bcf5}</UniqueIdentifier>
    </Filter>
    <Filter Include="functions">
      <UniqueIdentifier>{b6e6f5cd-9eab-4706-a728-12e4730c85c8}</UniqueIdentifier>
    </Filter>
    <Filter Include="misc">
      <UniqueIdentifier>{4714bb52-e742-43b4-9391-6acc122a3c7b}</UniqueIdentifier>
    </Filter>
    <Filter Include="internal\Game">
      <UniqueIdentifier>{7c8611b0-0cea-47ab-90d0-9c60d03eab90}</UniqueIdentifier>
    </Filter>
    <Filter Include="internal\Game\Bethesda">
      <UniqueIdentifier>{97974e1d-e11d-4288-8ba1-4f4c84de7771}</UniqueIdentifier>
    </Filter>
    <Filter Include="internal\Game\Gamebryo">
      <UniqueIdentifier>{af07fc3e-f778-43b2-bd18-486725510352}</UniqueIdentifier>
    </Filter>
    <Filter Include="internal\JG">
      <UniqueIdentifier>{476c4296-1ba1-40eb-a500-61342e9d4777}</UniqueIdentifier>
    </Filter>
    <Filter Include="internal\JIP">
      <UniqueIdentifier>{49555d54-368f-4267-a3a7-3ef5112a8cee}</UniqueIdentifier>
    </Filter>
    <Filter Include="shared">
      <UniqueIdentifier>{4d26ed72-ff83-447d-8598-3f487d8c9768}</UniqueIdentifier>
    </Filter>
    <Filter Include="shared\BSMemory">
      <UniqueIdentifier>{f6ec4eb0-f573-4196-aa5e-7451278d62d9}</UniqueIdentifier>
    </Filter>
    <Filter Include="shared\Utils">
      <UniqueIdentifier>{13a267fa-4af1-40d0-92cb-27aa8c7de76f}</UniqueIdentifier>
    </Filter>
    <Filter Include="shared\SafeWrite">
      <UniqueIdentifier>{3c90c5fc-b2e8-4943-944a-731e488f1447}</UniqueIdentifier>
    </Filter>
    <Filter Include="internal\Game\Obsidian">
      <UniqueIdentifier>{da7aa40f-8fbc-4f02-9bc9-a40f643f9f60}</UniqueIdentifier>
    </Filter>
    <Filter Include="internal\JG\Core">
      <UniqueIdentifier>{48c727a7-e34b-4088-bc09-c038bcd3fd3d}</UniqueIdentifier>
    </Filter>
  </ItemGroup>
  <ItemGroup>
    <ClCompile Include="..\nvse\nvse\GameAPI.cpp">
      <Filter>nvse</Filter>
    </ClCompile>
    <ClCompile Include="..\nvse\nvse\GameBSExtraData.cpp">
      <Filter>nvse</Filter>
    </ClCompile>
    <ClCompile Include="..\nvse\nvse\GameForms.cpp">
      <Filter>nvse</Filter>
    </ClCompile>
    <ClCompile Include="..\nvse\nvse\GameObjects.cpp">
      <Filter>nvse</Filter>
    </ClCompile>
    <ClCompile Include="..\nvse\nvse\GameOSDepend.cpp">
      <Filter>nvse</Filter>
    </ClCompile>
    <ClCompile Include="..\nvse\nvse\GameRTTI.cpp">
      <Filter>nvse</Filter>
    </ClCompile>
    <ClCompile Include="..\nvse\nvse\GameScript.cpp">
      <Filter>nvse</Filter>
    </ClCompile>
    <ClCompile Include="..\nvse\nvse\GameTasks.cpp">
      <Filter>nvse</Filter>
    </ClCompile>
    <ClCompile Include="..\nvse\nvse\GameTiles.cpp">
      <Filter>nvse</Filter>
    </ClCompile>
    <ClCompile Include="..\nvse\nvse\Utilities.cpp">
      <Filter>nvse</Filter>
    </ClCompile>
    <ClCompile Include="internal\utility.cpp">
      <Filter>internal</Filter>
    </ClCompile>
    <ClCompile Include="internal\md5\md5.cpp">
      <Filter>internal\md5</Filter>
    </ClCompile>
    <ClCompile Include="JohnnyGuitarNVSE.cpp" />
    <ClCompile Include="internal\sha1\sha1.cpp">
      <Filter>internal\sha1</Filter>
    </ClCompile>
    <ClCompile Include="events\LambdaVariableContext.cpp">
      <Filter>events</Filter>
    </ClCompile>
    <ClCompile Include="..\nvse\nvse\GameUI.cpp">
      <Filter>nvse</Filter>
    </ClCompile>
    <ClCompile Include="internal\Game\Gamebryo\NiFixedString.cpp">
      <Filter>internal\Game\Gamebryo</Filter>
    </ClCompile>
    <ClCompile Include="internal\Game\Gamebryo\NiGlobalStringTable.cpp">
      <Filter>internal\Game\Gamebryo</Filter>
    </ClCompile>
    <ClCompile Include="internal\Game\Gamebryo\NiMemObject.cpp">
      <Filter>internal\Game\Gamebryo</Filter>
    </ClCompile>
    <ClCompile Include="internal\Game\Gamebryo\NiMemory.cpp">
      <Filter>internal\Game\Gamebryo</Filter>
    </ClCompile>
    <ClCompile Include="misc\misc.cpp">
      <Filter>misc</Filter>
    </ClCompile>
    <ClCompile Include="internal\JG\EditorIDRestoration.cpp">
      <Filter>internal\JG</Filter>
    </ClCompile>
    <ClCompile Include="internal\JIP\JIPFixes.cpp">
      <Filter>internal\JIP</Filter>
    </ClCompile>
    <ClCompile Include="..\shared\BSMemory\BSMemory.cpp">
      <Filter>shared\BSMemory</Filter>
    </ClCompile>
    <ClCompile Include="..\shared\SafeWrite\SafeWrite.cpp">
      <Filter>shared\SafeWrite</Filter>
    </ClCompile>
    <ClCompile Include="..\shared\BSMemory\BSScrapMemory.cpp">
      <Filter>shared\BSMemory</Filter>
    </ClCompile>
    <ClCompile Include="internal\netimmerse.cpp">
      <Filter>internal</Filter>
    </ClCompile>
    <ClCompile Include="internal\Game\Bethesda\AutoMemContext.cpp">
      <Filter>internal\Game\Bethesda</Filter>
    </ClCompile>
    <ClCompile Include="internal\Game\Bethesda\BSSpinLock.cpp">
      <Filter>internal\Game\Bethesda</Filter>
    </ClCompile>
    <ClCompile Include="internal\Game\Bethesda\BSUtilities.cpp">
      <Filter>internal\Game\Bethesda</Filter>
    </ClCompile>
    <ClCompile Include="internal\Game\Bethesda\Conversation.cpp">
      <Filter>internal\Game\Bethesda</Filter>
    </ClCompile>
    <ClCompile Include="internal\Game\Bethesda\DialogueItem.cpp">
      <Filter>internal\Game\Bethesda</Filter>
    </ClCompile>
    <ClCompile Include="internal\Game\Bethesda\FileFinder.cpp">
      <Filter>internal\Game\Bethesda</Filter>
    </ClCompile>
    <ClCompile Include="internal\Game\Bethesda\GameSettingCollection.cpp">
      <Filter>internal\Game\Bethesda</Filter>
    </ClCompile>
    <ClCompile Include="internal\Game\Bethesda\IOTask.cpp">
      <Filter>internal\Game\Bethesda</Filter>
    </ClCompile>
    <ClCompile Include="internal\Game\Bethesda\MenuTopic.cpp">
      <Filter>internal\Game\Bethesda</Filter>
    </ClCompile>
    <ClCompile Include="internal\Game\Bethesda\Setting.cpp">
      <Filter>internal\Game\Bethesda</Filter>
    </ClCompile>
    <ClCompile Include="internal\Game\Bethesda\TESDataHandler.cpp">
      <Filter>internal\Game\Bethesda</Filter>
    </ClCompile>
    <ClCompile Include="internal\Game\Bethesda\TESFile.cpp">
      <Filter>internal\Game\Bethesda</Filter>
    </ClCompile>
    <ClCompile Include="internal\Game\Bethesda\TESForm.cpp">
      <Filter>internal\Game\Bethesda</Filter>
    </ClCompile>
    <ClCompile Include="internal\Game\Bethesda\TESObject.cpp">
      <Filter>internal\Game\Bethesda</Filter>
    </ClCompile>
    <ClCompile Include="internal\Game\Bethesda\TESObjectList.cpp">
      <Filter>internal\Game\Bethesda</Filter>
    </ClCompile>
    <ClCompile Include="internal\Game\Bethesda\TESBoundObject.cpp">
      <Filter>internal\Game\Bethesda</Filter>
    </ClCompile>
    <ClCompile Include="..\shared\Utils\DebugLog.cpp">
      <Filter>shared\Utils</Filter>
    </ClCompile>
    <ClCompile Include="internal\Game\Gamebryo\NiObject.cpp">
      <Filter>internal\Game\Gamebryo</Filter>
    </ClCompile>
    <ClCompile Include="internal\Game\Bethesda\AILinearTaskThreadManager.cpp">
      <Filter>internal\Game\Bethesda</Filter>
    </ClCompile>
    <ClCompile Include="functions\fn_av.cpp">
      <Filter>functions</Filter>
    </ClCompile>
    <ClCompile Include="functions\fn_book.cpp">
      <Filter>functions</Filter>
    </ClCompile>
    <ClCompile Include="functions\fn_dial.cpp">
      <Filter>functions</Filter>
    </ClCompile>
    <ClCompile Include="internal\JG\DialogueResponseOverride.cpp">
      <Filter>internal\JG</Filter>
    </ClCompile>
    <ClCompile Include="functions\fn_file.cpp">
      <Filter>functions</Filter>
    </ClCompile>
    <ClCompile Include="functions\fn_terminal.cpp">
      <Filter>functions</Filter>
    </ClCompile>
    <ClCompile Include="functions\fn_region.cpp">
      <Filter>functions</Filter>
    </ClCompile>
    <ClCompile Include="functions\fn_ui.cpp">
      <Filter>functions</Filter>
    </ClCompile>
    <ClCompile Include="internal\JG\RSMBarberHook.cpp">
      <Filter>internal\JG</Filter>
    </ClCompile>
    <ClCompile Include="internal\JG\ExtraMiscStats.cpp">
      <Filter>internal\JG</Filter>
    </ClCompile>
    <ClCompile Include="internal\JG\ExtraReputationIcons.cpp">
      <Filter>internal\JG</Filter>
    </ClCompile>
    <ClCompile Include="internal\JG\ExtraMarkerIcons.cpp">
      <Filter>internal\JG</Filter>
    </ClCompile>
    <ClCompile Include="functions\fn_utility.cpp">
      <Filter>functions</Filter>
    </ClCompile>
    <ClCompile Include="internal\JG\ExtraUISounds.cpp">
      <Filter>internal\JG</Filter>
    </ClCompile>
    <ClCompile Include="functions\fn_gameplay.cpp">
      <Filter>functions</Filter>
    </ClCompile>
    <ClCompile Include="internal\JG\NPCAccuracy.cpp">
      <Filter>internal\JG</Filter>
    </ClCompile>
    <ClCompile Include="internal\JG\CustomCameraShake.cpp">
      <Filter>internal\JG</Filter>
    </ClCompile>
    <ClCompile Include="misc\WorldToScreen.cpp">
      <Filter>misc</Filter>
    </ClCompile>
    <ClCompile Include="functions\fn_math.cpp">
      <Filter>functions</Filter>
    </ClCompile>
    <ClCompile Include="functions\fn_gamebryo.cpp">
      <Filter>functions</Filter>
    </ClCompile>
    <ClCompile Include="functions\fn_mediaset.cpp">
      <Filter>functions</Filter>
    </ClCompile>
    <ClCompile Include="functions\fn_form.cpp">
      <Filter>functions</Filter>
    </ClCompile>
    <ClCompile Include="internal\JG\BarterFilter.cpp">
      <Filter>internal\JG</Filter>
    </ClCompile>
    <ClCompile Include="internal\JG\CameraOverride.cpp">
      <Filter>internal\JG</Filter>
    </ClCompile>
    <ClCompile Include="internal\JG\CloudUpdateFix.cpp">
      <Filter>internal\JG</Filter>
    </ClCompile>
    <ClCompile Include="internal\JG\CustomHUDShake.cpp">
      <Filter>internal\JG</Filter>
    </ClCompile>
    <ClCompile Include="internal\JG\DisabledArrowKeys.cpp">
      <Filter>internal\JG</Filter>
    </ClCompile>
    <ClCompile Include="internal\JG\DisabledLevelUp.cpp">
      <Filter>internal\JG</Filter>
    </ClCompile>
    <ClCompile Include="internal\JG\DisabledMuzzleFlashLights.cpp">
      <Filter>internal\JG</Filter>
    </ClCompile>
    <ClCompile Include="internal\JG\DisabledSaves.cpp">
      <Filter>internal\JG</Filter>
    </ClCompile>
    <ClCompile Include="internal\JG\JohnnyRadios.cpp">
      <Filter>internal\JG</Filter>
    </ClCompile>
    <ClCompile Include="internal\JG\MediaLocationControllerOverride.cpp">
      <Filter>internal\JG</Filter>
    </ClCompile>
    <ClCompile Include="internal\JG\QuestObjectiveDisplayFix.cpp">
      <Filter>internal\JG</Filter>
    </ClCompile>
    <ClCompile Include="internal\Game\Bethesda\BGSListForm.cpp">
      <Filter>internal\Game\Bethesda</Filter>
    </ClCompile>
    <ClCompile Include="events\EventFramework.cpp">
      <Filter>events</Filter>
    </ClCompile>
    <ClCompile Include="events\JohnnyEvents.cpp">
      <Filter>events</Filter>
    </ClCompile>
    <ClCompile Include="functions\fn_gamebryo.cpp">
      <Filter>functions</Filter>
    </ClCompile>
    <ClCompile Include="internal\decoding.cpp">
      <Filter>internal</Filter>
    </ClCompile>
    <ClCompile Include="functions\fn_event.cpp">
      <Filter>functions</Filter>
    </ClCompile>
    <ClCompile Include="internal\JG\AddItemMessages.cpp">
      <Filter>internal\JG</Filter>
    </ClCompile>
    <ClCompile Include="internal\Game\Bethesda\ItemChange.cpp">
      <Filter>internal\Game\Bethesda</Filter>
    </ClCompile>
    <ClCompile Include="internal\Game\Bethesda\InventoryChanges.cpp">
      <Filter>internal\Game\Bethesda</Filter>
    </ClCompile>
    <ClCompile Include="internal\Game\Bethesda\InventoryIterator.cpp">
      <Filter>internal\Game\Bethesda</Filter>
    </ClCompile>
    <ClCompile Include="internal\Game\Bethesda\ContainerItemExtra.cpp">
      <Filter>internal\Game\Bethesda</Filter>
    </ClCompile>
    <ClCompile Include="internal\Game\Bethesda\BSExtraData.cpp">
      <Filter>internal\Game\Bethesda</Filter>
    </ClCompile>
    <ClCompile Include="internal\Game\Bethesda\BaseExtraList.cpp">
      <Filter>internal\Game\Bethesda</Filter>
    </ClCompile>
    <ClCompile Include="internal\Game\Bethesda\ExtraDataList.cpp">
      <Filter>internal\Game\Bethesda</Filter>
    </ClCompile>
    <ClCompile Include="internal\Game\Bethesda\TESFullName.cpp">
      <Filter>internal\Game\Bethesda</Filter>
    </ClCompile>
    <ClCompile Include="internal\Game\Gamebryo\NiPoint2.cpp">
      <Filter>internal\Game\Gamebryo</Filter>
    </ClCompile>
    <ClCompile Include="internal\Game\Gamebryo\NiPoint3.cpp">
      <Filter>internal\Game\Gamebryo</Filter>
    </ClCompile>
    <ClCompile Include="internal\Game\Gamebryo\NiPoint4.cpp">
      <Filter>internal\Game\Gamebryo</Filter>
    </ClCompile>
    <ClCompile Include="internal\JG\TaskQueue.cpp">
      <Filter>internal\JG</Filter>
    </ClCompile>
    <ClCompile Include="internal\Game\Bethesda\BSShaderManager.cpp">
      <Filter>internal\Game\Bethesda</Filter>
    </ClCompile>
    <ClCompile Include="internal\Game\Bethesda\TESLeveledList.cpp">
      <Filter>internal\Game\Bethesda</Filter>
    </ClCompile>
    <ClCompile Include="internal\JG\RadioSkipOGGWAVPatch.cpp">
      <Filter>internal\JG</Filter>
    </ClCompile>
    <ClCompile Include="internal\JIP\JIPSettings.cpp">
      <Filter>internal\JIP</Filter>
    </ClCompile>
    <ClCompile Include="internal\JIP\JIPUtils.cpp">
      <Filter>internal\JIP</Filter>
    </ClCompile>
    <ClCompile Include="internal\JG\FixedStringsRework.cpp">
      <Filter>internal\JG</Filter>
    </ClCompile>
    <ClCompile Include="internal\Game\Bethesda\TLSData.cpp">
      <Filter>internal\Game\Bethesda</Filter>
    </ClCompile>
    <ClCompile Include="internal\Game\Bethesda\BSPackedTaskQueue.cpp">
      <Filter>internal\Game\Bethesda</Filter>
    </ClCompile>
    <ClCompile Include="internal\Game\Bethesda\BSSemaphore.cpp">
      <Filter>internal\Game\Bethesda</Filter>
    </ClCompile>
    <ClCompile Include="internal\Game\Bethesda\BSPackedTask.cpp">
      <Filter>internal\Game\Bethesda</Filter>
    </ClCompile>
    <ClCompile Include="internal\Game\Bethesda\BSNonReentrantSpinLock.cpp">
      <Filter>internal\Game\Bethesda</Filter>
    </ClCompile>
    <ClCompile Include="internal\Game\Gamebryo\NiCullingProcess.cpp">
      <Filter>internal\Game\Gamebryo</Filter>
    </ClCompile>
    <ClCompile Include="internal\Game\Gamebryo\NiFrustumPlanes.cpp">
      <Filter>internal\Game\Gamebryo</Filter>
    </ClCompile>
    <ClCompile Include="internal\Game\Gamebryo\NiPlane.cpp">
      <Filter>internal\Game\Gamebryo</Filter>
    </ClCompile>
    <ClCompile Include="internal\Game\Gamebryo\NiTransform.cpp">
      <Filter>internal\Game\Gamebryo</Filter>
    </ClCompile>
    <ClCompile Include="internal\Game\Gamebryo\NiMatrix3.cpp">
      <Filter>internal\Game\Gamebryo</Filter>
    </ClCompile>
    <ClCompile Include="internal\Game\Bethesda\BSRenderedTexture.cpp">
      <Filter>internal\Game\Bethesda</Filter>
    </ClCompile>
    <ClCompile Include="internal\Game\Bethesda\BSShaderUtil.cpp">
      <Filter>internal\Game\Bethesda</Filter>
    </ClCompile>
    <ClCompile Include="internal\Game\Bethesda\ScrapHeap.cpp">
      <Filter>internal\Game\Bethesda</Filter>
    </ClCompile>
    <ClCompile Include="internal\Game\Bethesda\TESMain.cpp">
      <Filter>internal\Game\Bethesda</Filter>
    </ClCompile>
    <ClCompile Include="internal\JG\CameraOverlay.cpp">
      <Filter>internal\JG</Filter>
    </ClCompile>
    <ClCompile Include="internal\Game\Bethesda\BSCullingProcess.cpp">
      <Filter>internal\Game\Bethesda</Filter>
    </ClCompile>
    <ClCompile Include="internal\Game\Gamebryo\NiObjectNET.cpp">
      <Filter>internal\Game\Gamebryo</Filter>
    </ClCompile>
    <ClCompile Include="internal\JG\LandRemapping.cpp">
      <Filter>internal\JG</Filter>
    </ClCompile>
    <ClCompile Include="internal\Game\Bethesda\TESObjectLAND.cpp">
      <Filter>internal\Game\Bethesda</Filter>
    </ClCompile>
    <ClCompile Include="internal\Game\Gamebryo\NiColor.cpp">
      <Filter>internal\Game\Gamebryo</Filter>
    </ClCompile>
    <ClCompile Include="internal\Game\Gamebryo\NiColorA.cpp">
      <Filter>internal\Game\Gamebryo</Filter>
    </ClCompile>
    <ClCompile Include="internal\Game\Bethesda\BSTimer.cpp">
      <Filter>internal\Game\Bethesda</Filter>
    </ClCompile>
    <ClCompile Include="internal\Game\Bethesda\TimeGlobal.cpp">
      <Filter>internal\Game\Bethesda</Filter>
    </ClCompile>
    <ClCompile Include="internal\Game\Bethesda\BSTextureManager.cpp">
      <Filter>internal\Game\Bethesda</Filter>
    </ClCompile>
    <ClCompile Include="internal\Game\Bethesda\TESTexture.cpp">
      <Filter>internal\Game\Bethesda</Filter>
    </ClCompile>
    <ClCompile Include="internal\Game\Bethesda\BGSSaveLoadManager.cpp">
      <Filter>internal\Game\Bethesda</Filter>
    </ClCompile>
    <ClCompile Include="internal\JG\ScriptUtils.cpp">
      <Filter>internal\JG</Filter>
    </ClCompile>
    <ClCompile Include="internal\JG\JohnnySerialization.cpp">
      <Filter>internal\JG\Core</Filter>
    </ClCompile>
    <ClCompile Include="internal\JG\JohnnyPatches.cpp">
      <Filter>internal\JG\Core</Filter>
    </ClCompile>
    <ClCompile Include="internal\JG\JohnnyMessageHandler.cpp">
      <Filter>internal\JG\Core</Filter>
    </ClCompile>
    <ClCompile Include="internal\JG\JohnnyGameSettings.cpp">
      <Filter>internal\JG\Core</Filter>
    </ClCompile>
    <ClCompile Include="internal\JG\JohnnyFixes.cpp">
      <Filter>internal\JG\Core</Filter>
    </ClCompile>
    <ClCompile Include="internal\JG\JohnnyExtraData.cpp">
      <Filter>internal\JG\Core</Filter>
    </ClCompile>
    <ClCompile Include="internal\JG\JohnnyCommands.cpp">
      <Filter>internal\JG\Core</Filter>
    </ClCompile>
    <ClCompile Include="..\nvse\nvse\GameProcess.cpp" />
  </ItemGroup>
  <ItemGroup>
    <ClInclude Include="..\nvse\nvse\GameAPI.h">
      <Filter>nvse</Filter>
    </ClInclude>
    <ClInclude Include="..\nvse\nvse\GameBSExtraData.h">
      <Filter>nvse</Filter>
    </ClInclude>
    <ClInclude Include="..\nvse\nvse\GameData.h">
      <Filter>nvse</Filter>
    </ClInclude>
    <ClInclude Include="..\nvse\nvse\GameEffects.h">
      <Filter>nvse</Filter>
    </ClInclude>
    <ClInclude Include="..\nvse\nvse\GameExtraData.h">
      <Filter>nvse</Filter>
    </ClInclude>
    <ClInclude Include="..\nvse\nvse\GameForms.h">
      <Filter>nvse</Filter>
    </ClInclude>
    <ClInclude Include="..\nvse\nvse\GameObjects.h">
      <Filter>nvse</Filter>
    </ClInclude>
    <ClInclude Include="..\nvse\nvse\GameOSDepend.h">
      <Filter>nvse</Filter>
    </ClInclude>
    <ClInclude Include="..\nvse\nvse\GameRTTI.h">
      <Filter>nvse</Filter>
    </ClInclude>
    <ClInclude Include="..\nvse\nvse\GameSettings.h">
      <Filter>nvse</Filter>
    </ClInclude>
    <ClInclude Include="..\nvse\nvse\GameTasks.h">
      <Filter>nvse</Filter>
    </ClInclude>
    <ClInclude Include="..\nvse\nvse\GameTiles.h">
      <Filter>nvse</Filter>
    </ClInclude>
    <ClInclude Include="..\nvse\nvse\GameTypes.h">
      <Filter>nvse</Filter>
    </ClInclude>
    <ClInclude Include="..\nvse\nvse\Utilities.h">
      <Filter>nvse</Filter>
    </ClInclude>
    <ClInclude Include="internal\decoding.h">
      <Filter>internal</Filter>
    </ClInclude>
    <ClInclude Include="internal\havok.h">
      <Filter>internal</Filter>
    </ClInclude>
    <ClInclude Include="internal\netimmerse.h">
      <Filter>internal</Filter>
    </ClInclude>
    <ClInclude Include="internal\utility.h">
      <Filter>internal</Filter>
    </ClInclude>
    <ClInclude Include="internal\md5\md5.h">
      <Filter>internal\md5</Filter>
    </ClInclude>
    <ClInclude Include="internal\sha1\sha1.h">
      <Filter>internal\sha1</Filter>
    </ClInclude>
    <ClInclude Include="..\nvse\nvse\GameUI.h">
      <Filter>nvse</Filter>
    </ClInclude>
    <ClInclude Include="..\nvse\nvse\CommandTable.h">
      <Filter>nvse</Filter>
    </ClInclude>
    <ClInclude Include="..\nvse\nvse\PluginAPI.h">
      <Filter>nvse</Filter>
    </ClInclude>
    <ClInclude Include="JohnnyGuitarNVSE.h" />
    <ClInclude Include="events\EventFramework.h">
      <Filter>events</Filter>
    </ClInclude>
    <ClInclude Include="events\JohnnyEvents.hpp">
      <Filter>events</Filter>
    </ClInclude>
    <ClInclude Include="functions\fn_av.h">
      <Filter>functions</Filter>
    </ClInclude>
    <ClInclude Include="functions\fn_file.h">
      <Filter>functions</Filter>
    </ClInclude>
    <ClInclude Include="functions\fn_form.h">
      <Filter>functions</Filter>
    </ClInclude>
    <ClInclude Include="functions\fn_gameplay.h">
      <Filter>functions</Filter>
    </ClInclude>
    <ClInclude Include="functions\fn_math.h">
      <Filter>functions</Filter>
    </ClInclude>
    <ClInclude Include="functions\fn_mediaset.h">
      <Filter>functions</Filter>
    </ClInclude>
    <ClInclude Include="functions\fn_region.h">
      <Filter>functions</Filter>
    </ClInclude>
    <ClInclude Include="functions\fn_terminal.h">
      <Filter>functions</Filter>
    </ClInclude>
    <ClInclude Include="functions\fn_ui.h">
      <Filter>functions</Filter>
    </ClInclude>
    <ClInclude Include="functions\fn_utility.h">
      <Filter>functions</Filter>
    </ClInclude>
    <ClInclude Include="misc\misc.h">
      <Filter>misc</Filter>
    </ClInclude>
    <ClInclude Include="misc\WorldToScreen.h">
      <Filter>misc</Filter>
    </ClInclude>
    <ClInclude Include="..\nvse\nvse\ParamInfos.h">
      <Filter>nvse</Filter>
    </ClInclude>
    <ClInclude Include="events\LambdaVariableContext.h">
      <Filter>events</Filter>
    </ClInclude>
    <ClInclude Include="functions\fn_book.h">
      <Filter>functions</Filter>
    </ClInclude>
    <ClInclude Include="..\nvse\nvse\GameSound.h">
      <Filter>nvse</Filter>
    </ClInclude>
    <ClInclude Include="..\nvse\nvse\GameProcess.h">
      <Filter>nvse</Filter>
    </ClInclude>
    <ClInclude Include="internal\Game\Gamebryo\NiSmartPointer.hpp">
      <Filter>internal\Game\Gamebryo</Filter>
    </ClInclude>
    <ClInclude Include="internal\Game\Gamebryo\NiFixedString.hpp">
      <Filter>internal\Game\Gamebryo</Filter>
    </ClInclude>
    <ClInclude Include="internal\Game\Gamebryo\NiGlobalStringTable.hpp">
      <Filter>internal\Game\Gamebryo</Filter>
    </ClInclude>
    <ClInclude Include="internal\Game\Gamebryo\NiMemObject.hpp">
      <Filter>internal\Game\Gamebryo</Filter>
    </ClInclude>
    <ClInclude Include="internal\Game\Gamebryo\NiMemory.hpp">
      <Filter>internal\Game\Gamebryo</Filter>
    </ClInclude>
    <ClInclude Include="internal\Game\Gamebryo\NiCriticalSection.hpp">
      <Filter>internal\Game\Gamebryo</Filter>
    </ClInclude>
    <ClInclude Include="internal\JG\EditorIDRestoration.hpp">
      <Filter>internal\JG</Filter>
    </ClInclude>
    <ClInclude Include="internal\JIP\JIPFixes.hpp">
      <Filter>internal\JIP</Filter>
    </ClInclude>
    <ClInclude Include="functions\fn_dial.h">
      <Filter>functions</Filter>
    </ClInclude>
    <ClInclude Include="..\shared\BSMemory\BSMemory.hpp">
      <Filter>shared\BSMemory</Filter>
    </ClInclude>
    <ClInclude Include="..\shared\Utils\Bitfield.hpp">
      <Filter>shared\Utils</Filter>
    </ClInclude>
    <ClInclude Include="..\shared\Defines.hpp">
      <Filter>shared</Filter>
    </ClInclude>
    <ClInclude Include="..\shared\SafeWrite\SafeWrite.hpp">
      <Filter>shared\SafeWrite</Filter>
    </ClInclude>
    <ClInclude Include="..\shared\BSMemory\BSScrapMemory.hpp">
      <Filter>shared\BSMemory</Filter>
    </ClInclude>
    <ClInclude Include="functions\fn_gamebryo.h">
      <Filter>functions</Filter>
    </ClInclude>
    <ClInclude Include="internal\Game\Gamebryo\NiTPointerMap.hpp">
      <Filter>internal\Game\Gamebryo</Filter>
    </ClInclude>
    <ClInclude Include="internal\Game\Gamebryo\NiTArray.hpp">
      <Filter>internal\Game\Gamebryo</Filter>
    </ClInclude>
    <ClInclude Include="internal\Game\Gamebryo\NiTMapBase.hpp">
      <Filter>internal\Game\Gamebryo</Filter>
    </ClInclude>
    <ClInclude Include="internal\Game\Gamebryo\NiTPointerAllocator.hpp">
      <Filter>internal\Game\Gamebryo</Filter>
    </ClInclude>
    <ClInclude Include="internal\Game\Gamebryo\NiTAbstractPoolAllocator.hpp">
      <Filter>internal\Game\Gamebryo</Filter>
    </ClInclude>
    <ClInclude Include="internal\Game\Gamebryo\NiTLargeArray.hpp">
      <Filter>internal\Game\Gamebryo</Filter>
    </ClInclude>
    <ClInclude Include="internal\Game\Gamebryo\NiTLargeObjectArray.hpp">
      <Filter>internal\Game\Gamebryo</Filter>
    </ClInclude>
    <ClInclude Include="internal\Game\Gamebryo\NiTLargePrimitiveArray.hpp">
      <Filter>internal\Game\Gamebryo</Filter>
    </ClInclude>
    <ClInclude Include="internal\Game\Gamebryo\NiTList.hpp">
      <Filter>internal\Game\Gamebryo</Filter>
    </ClInclude>
    <ClInclude Include="internal\Game\Gamebryo\NiTListBase.hpp">
      <Filter>internal\Game\Gamebryo</Filter>
    </ClInclude>
    <ClInclude Include="internal\Game\Gamebryo\NiTMallocInterface.hpp">
      <Filter>internal\Game\Gamebryo</Filter>
    </ClInclude>
    <ClInclude Include="internal\Game\Gamebryo\NiTMap.hpp">
      <Filter>internal\Game\Gamebryo</Filter>
    </ClInclude>
    <ClInclude Include="internal\Game\Gamebryo\NiTNewInterface.hpp">
      <Filter>internal\Game\Gamebryo</Filter>
    </ClInclude>
    <ClInclude Include="internal\Game\Gamebryo\NiTObjectAllocator.hpp">
      <Filter>internal\Game\Gamebryo</Filter>
    </ClInclude>
    <ClInclude Include="internal\Game\Gamebryo\NiTObjectArray.hpp">
      <Filter>internal\Game\Gamebryo</Filter>
    </ClInclude>
    <ClInclude Include="internal\Game\Gamebryo\NiTObjectList.hpp">
      <Filter>internal\Game\Gamebryo</Filter>
    </ClInclude>
    <ClInclude Include="internal\Game\Gamebryo\NiTPointerList.hpp">
      <Filter>internal\Game\Gamebryo</Filter>
    </ClInclude>
    <ClInclude Include="internal\Game\Gamebryo\NiTPointerListBase.hpp">
      <Filter>internal\Game\Gamebryo</Filter>
    </ClInclude>
    <ClInclude Include="internal\Game\Gamebryo\NiTPrimitiveArray.hpp">
      <Filter>internal\Game\Gamebryo</Filter>
    </ClInclude>
    <ClInclude Include="internal\Game\Gamebryo\NiTStringMap.hpp">
      <Filter>internal\Game\Gamebryo</Filter>
    </ClInclude>
    <ClInclude Include="internal\Game\Gamebryo\NiTStringTemplateMap.hpp">
      <Filter>internal\Game\Gamebryo</Filter>
    </ClInclude>
    <ClInclude Include="internal\Game\Gamebryo\NiTDefaultAllocator.hpp">
      <Filter>internal\Game\Gamebryo</Filter>
    </ClInclude>
    <ClInclude Include="internal\Game\Gamebryo\NiTSet.hpp">
      <Filter>internal\Game\Gamebryo</Filter>
    </ClInclude>
    <ClInclude Include="internal\Game\Bethesda\AutoMemContext.hpp">
      <Filter>internal\Game\Bethesda</Filter>
    </ClInclude>
    <ClInclude Include="internal\Game\Bethesda\BaseFormComponent.hpp">
      <Filter>internal\Game\Bethesda</Filter>
    </ClInclude>
    <ClInclude Include="internal\Game\Bethesda\BSEnums.hpp">
      <Filter>internal\Game\Bethesda</Filter>
    </ClInclude>
    <ClInclude Include="internal\Game\Bethesda\BSMemObject.hpp">
      <Filter>internal\Game\Bethesda</Filter>
    </ClInclude>
    <ClInclude Include="internal\Game\Bethesda\BSSimpleArray.hpp">
      <Filter>internal\Game\Bethesda</Filter>
    </ClInclude>
    <ClInclude Include="internal\Game\Bethesda\BSSimpleArrayRefCounted.hpp">
      <Filter>internal\Game\Bethesda</Filter>
    </ClInclude>
    <ClInclude Include="internal\Game\Bethesda\BSSimpleList.hpp">
      <Filter>internal\Game\Bethesda</Filter>
    </ClInclude>
    <ClInclude Include="internal\Game\Bethesda\BSSpinLock.hpp">
      <Filter>internal\Game\Bethesda</Filter>
    </ClInclude>
    <ClInclude Include="internal\Game\Bethesda\BSStringT.hpp">
      <Filter>internal\Game\Bethesda</Filter>
    </ClInclude>
    <ClInclude Include="internal\Game\Bethesda\BSTask.hpp">
      <Filter>internal\Game\Bethesda</Filter>
    </ClInclude>
    <ClInclude Include="internal\Game\Bethesda\BSTCaseInsensitiveStringMap.hpp">
      <Filter>internal\Game\Bethesda</Filter>
    </ClInclude>
    <ClInclude Include="internal\Game\Bethesda\BSUtilities.hpp">
      <Filter>internal\Game\Bethesda</Filter>
    </ClInclude>
    <ClInclude Include="internal\Game\Bethesda\Conversation.hpp">
      <Filter>internal\Game\Bethesda</Filter>
    </ClInclude>
    <ClInclude Include="internal\Game\Bethesda\DialogueItem.hpp">
      <Filter>internal\Game\Bethesda</Filter>
    </ClInclude>
    <ClInclude Include="internal\Game\Bethesda\DialogueResponse.hpp">
      <Filter>internal\Game\Bethesda</Filter>
    </ClInclude>
    <ClInclude Include="internal\Game\Bethesda\FileFinder.hpp">
      <Filter>internal\Game\Bethesda</Filter>
    </ClInclude>
    <ClInclude Include="internal\Game\Bethesda\FormID.hpp">
      <Filter>internal\Game\Bethesda</Filter>
    </ClInclude>
    <ClInclude Include="internal\Game\Bethesda\GameSettingCollection.hpp">
      <Filter>internal\Game\Bethesda</Filter>
    </ClInclude>
    <ClInclude Include="internal\Game\Bethesda\INIPrefSettingCollection.hpp">
      <Filter>internal\Game\Bethesda</Filter>
    </ClInclude>
    <ClInclude Include="internal\Game\Bethesda\INISettingCollection.hpp">
      <Filter>internal\Game\Bethesda</Filter>
    </ClInclude>
    <ClInclude Include="internal\Game\Bethesda\IOTask.hpp">
      <Filter>internal\Game\Bethesda</Filter>
    </ClInclude>
    <ClInclude Include="internal\Game\Bethesda\MemoryContexts.hpp">
      <Filter>internal\Game\Bethesda</Filter>
    </ClInclude>
    <ClInclude Include="internal\Game\Bethesda\MenuTopic.hpp">
      <Filter>internal\Game\Bethesda</Filter>
    </ClInclude>
    <ClInclude Include="internal\Game\Bethesda\RendererSettingCollection.hpp">
      <Filter>internal\Game\Bethesda</Filter>
    </ClInclude>
    <ClInclude Include="internal\Game\Bethesda\Setting.hpp">
      <Filter>internal\Game\Bethesda</Filter>
    </ClInclude>
    <ClInclude Include="internal\Game\Bethesda\SettingCollection.hpp">
      <Filter>internal\Game\Bethesda</Filter>
    </ClInclude>
    <ClInclude Include="internal\Game\Bethesda\SettingCollectionList.hpp">
      <Filter>internal\Game\Bethesda</Filter>
    </ClInclude>
    <ClInclude Include="internal\Game\Bethesda\SettingCollectionMap.hpp">
      <Filter>internal\Game\Bethesda</Filter>
    </ClInclude>
    <ClInclude Include="internal\Game\Bethesda\SettingT.hpp">
      <Filter>internal\Game\Bethesda</Filter>
    </ClInclude>
    <ClInclude Include="internal\Game\Bethesda\TESBoundAnimObject.hpp">
      <Filter>internal\Game\Bethesda</Filter>
    </ClInclude>
    <ClInclude Include="internal\Game\Bethesda\TESDataHandler.hpp">
      <Filter>internal\Game\Bethesda</Filter>
    </ClInclude>
    <ClInclude Include="internal\Game\Bethesda\TESFile.hpp">
      <Filter>internal\Game\Bethesda</Filter>
    </ClInclude>
    <ClInclude Include="internal\Game\Bethesda\TESForm.hpp">
      <Filter>internal\Game\Bethesda</Filter>
    </ClInclude>
    <ClInclude Include="internal\Game\Bethesda\TESObject.hpp">
      <Filter>internal\Game\Bethesda</Filter>
    </ClInclude>
    <ClInclude Include="internal\Game\Bethesda\TESObjectList.hpp">
      <Filter>internal\Game\Bethesda</Filter>
    </ClInclude>
    <ClInclude Include="internal\Game\Gamebryo\NiTObjectSet.hpp">
      <Filter>internal\Game\Gamebryo</Filter>
    </ClInclude>
    <ClInclude Include="internal\Game\Gamebryo\NiTPrimitiveSet.hpp">
      <Filter>internal\Game\Gamebryo</Filter>
    </ClInclude>
    <ClInclude Include="internal\Game\Gamebryo\NiTStringPointerMap.hpp">
      <Filter>internal\Game\Gamebryo</Filter>
    </ClInclude>
    <ClInclude Include="internal\Game\Bethesda\TESBoundObject.hpp">
      <Filter>internal\Game\Bethesda</Filter>
    </ClInclude>
    <ClInclude Include="..\shared\Utils\DebugLog.hpp">
      <Filter>shared\Utils</Filter>
    </ClInclude>
    <ClInclude Include="internal\Game\Gamebryo\NiObject.hpp">
      <Filter>internal\Game\Gamebryo</Filter>
    </ClInclude>
    <ClInclude Include="internal\Game\Gamebryo\NiRefObject.hpp">
      <Filter>internal\Game\Gamebryo</Filter>
    </ClInclude>
    <ClInclude Include="internal\Game\Gamebryo\NiRTTI.hpp">
      <Filter>internal\Game\Gamebryo</Filter>
    </ClInclude>
    <ClInclude Include="internal\Game\Bethesda\TESModel.hpp">
      <Filter>internal\Game\Bethesda</Filter>
    </ClInclude>
    <ClInclude Include="internal\Game\Bethesda\TESTextureList.hpp">
      <Filter>internal\Game\Bethesda</Filter>
    </ClInclude>
    <ClInclude Include="internal\Game\Bethesda\AILinearTaskThreadManager.hpp">
      <Filter>internal\Game\Bethesda</Filter>
    </ClInclude>
    <ClInclude Include="internal\JG\DialogueResponseOverride.hpp">
      <Filter>internal\JG</Filter>
    </ClInclude>
    <ClInclude Include="functions\fn_common.h">
      <Filter>functions</Filter>
    </ClInclude>
    <ClInclude Include="internal\JG\RSMBarberHook.hpp">
      <Filter>internal\JG</Filter>
    </ClInclude>
    <ClInclude Include="internal\JG\JGSetList.hpp">
      <Filter>internal\JG</Filter>
    </ClInclude>
    <ClInclude Include="internal\JG\ExtraMiscStats.hpp">
      <Filter>internal\JG</Filter>
    </ClInclude>
    <ClInclude Include="internal\JG\ExtraReputationIcons.hpp">
      <Filter>internal\JG</Filter>
    </ClInclude>
    <ClInclude Include="internal\JG\ExtraMarkerIcons.hpp">
      <Filter>internal\JG</Filter>
    </ClInclude>
    <ClInclude Include="internal\JG\ExtraUISounds.hpp">
      <Filter>internal\JG</Filter>
    </ClInclude>
    <ClInclude Include="internal\JG\NPCAccuracy.hpp">
      <Filter>internal\JG</Filter>
    </ClInclude>
    <ClInclude Include="internal\JG\CustomCameraShake.hpp">
      <Filter>internal\JG</Filter>
    </ClInclude>
    <ClInclude Include="internal\JG\BarterFilter.hpp">
      <Filter>internal\JG</Filter>
    </ClInclude>
    <ClInclude Include="internal\JG\CameraOverride.hpp">
      <Filter>internal\JG</Filter>
    </ClInclude>
    <ClInclude Include="internal\JG\CloudUpdateFix.hpp">
      <Filter>internal\JG</Filter>
    </ClInclude>
    <ClInclude Include="internal\JG\CustomHUDShake.hpp">
      <Filter>internal\JG</Filter>
    </ClInclude>
    <ClInclude Include="internal\JG\DisabledArrowKeys.hpp">
      <Filter>internal\JG</Filter>
    </ClInclude>
    <ClInclude Include="internal\JG\DisabledLevelUp.hpp">
      <Filter>internal\JG</Filter>
    </ClInclude>
    <ClInclude Include="internal\JG\DisabledMuzzleFlashLights.hpp">
      <Filter>internal\JG</Filter>
    </ClInclude>
    <ClInclude Include="internal\JG\DisabledSaves.hpp">
      <Filter>internal\JG</Filter>
    </ClInclude>
    <ClInclude Include="internal\JG\QuestObjectiveDisplayFix.hpp">
      <Filter>internal\JG</Filter>
    </ClInclude>
    <ClInclude Include="internal\JG\JohnnyRadios.hpp">
      <Filter>internal\JG</Filter>
    </ClInclude>
    <ClInclude Include="internal\JG\MediaLocationControllerOverride.hpp">
      <Filter>internal\JG</Filter>
    </ClInclude>
    <ClInclude Include="internal\Game\Bethesda\BGSListForm.hpp">
      <Filter>internal\Game\Bethesda</Filter>
    </ClInclude>
    <ClInclude Include="internal\Game\Bethesda\BSRenderedTexture.hpp">
      <Filter>internal\Game\Bethesda</Filter>
    </ClInclude>
    <ClInclude Include="internal\JG\AddItemMessages.hpp">
      <Filter>internal\JG</Filter>
    </ClInclude>
    <ClInclude Include="functions\fn_event.h">
      <Filter>functions</Filter>
    </ClInclude>
    <ClInclude Include="internal\Game\Bethesda\ItemChange.hpp">
      <Filter>internal\Game\Bethesda</Filter>
    </ClInclude>
    <ClInclude Include="internal\Game\Bethesda\InventoryChanges.hpp">
      <Filter>internal\Game\Bethesda</Filter>
    </ClInclude>
    <ClInclude Include="internal\Game\Bethesda\InventoryIterator.hpp">
      <Filter>internal\Game\Bethesda</Filter>
    </ClInclude>
    <ClInclude Include="internal\Game\Bethesda\ContainerObject.hpp">
      <Filter>internal\Game\Bethesda</Filter>
    </ClInclude>
    <ClInclude Include="internal\Game\Bethesda\ContainerItemExtra.hpp">
      <Filter>internal\Game\Bethesda</Filter>
    </ClInclude>
    <ClInclude Include="internal\Game\Bethesda\BSExtraData.hpp">
      <Filter>internal\Game\Bethesda</Filter>
    </ClInclude>
    <ClInclude Include="internal\Game\Bethesda\BaseExtraList.hpp">
      <Filter>internal\Game\Bethesda</Filter>
    </ClInclude>
    <ClInclude Include="internal\Game\Bethesda\ExtraDataList.hpp">
      <Filter>internal\Game\Bethesda</Filter>
    </ClInclude>
    <ClInclude Include="internal\Game\Bethesda\ExtraCellAcousticSpace.hpp">
      <Filter>internal\Game\Bethesda</Filter>
    </ClInclude>
    <ClInclude Include="internal\Game\Bethesda\ExtraEncounterZone.hpp">
      <Filter>internal\Game\Bethesda</Filter>
    </ClInclude>
    <ClInclude Include="internal\Game\Bethesda\ExtraRadius.hpp">
      <Filter>internal\Game\Bethesda</Filter>
    </ClInclude>
    <ClInclude Include="internal\Game\Bethesda\ExtraPoison.hpp">
      <Filter>internal\Game\Bethesda</Filter>
    </ClInclude>
    <ClInclude Include="internal\Game\Bethesda\ExtraPersistentCell.hpp">
      <Filter>internal\Game\Bethesda</Filter>
    </ClInclude>
    <ClInclude Include="internal\Game\Bethesda\ExtraOwnership.hpp">
      <Filter>internal\Game\Bethesda</Filter>
    </ClInclude>
    <ClInclude Include="internal\Game\Bethesda\ExtraPrimitive.hpp">
      <Filter>internal\Game\Bethesda</Filter>
    </ClInclude>
    <ClInclude Include="internal\Game\Bethesda\ExtraHotkey.hpp">
      <Filter>internal\Game\Bethesda</Filter>
    </ClInclude>
    <ClInclude Include="internal\Game\Bethesda\ExtraSeenData.hpp">
      <Filter>internal\Game\Bethesda</Filter>
    </ClInclude>
    <ClInclude Include="internal\Game\Bethesda\SeenData.hpp">
      <Filter>internal\Game\Bethesda</Filter>
    </ClInclude>
    <ClInclude Include="internal\Game\Bethesda\ExtraDetachTime.hpp">
      <Filter>internal\Game\Bethesda</Filter>
    </ClInclude>
    <ClInclude Include="internal\Game\Bethesda\IntSeenData.hpp">
      <Filter>internal\Game\Bethesda</Filter>
    </ClInclude>
    <ClInclude Include="internal\Game\Bethesda\ExtraFactionChanges.hpp">
      <Filter>internal\Game\Bethesda</Filter>
    </ClInclude>
    <ClInclude Include="internal\Game\Bethesda\ExtraLeveledCreature.hpp">
      <Filter>internal\Game\Bethesda</Filter>
    </ClInclude>
    <ClInclude Include="internal\Game\Bethesda\ExtraCombatStyle.hpp">
      <Filter>internal\Game\Bethesda</Filter>
    </ClInclude>
    <ClInclude Include="internal\Game\Bethesda\ExtraMapMarker.hpp">
      <Filter>internal\Game\Bethesda</Filter>
    </ClInclude>
    <ClInclude Include="internal\Game\Bethesda\MapMarkerData.hpp">
      <Filter>internal\Game\Bethesda</Filter>
    </ClInclude>
    <ClInclude Include="internal\Game\Bethesda\TESFullName.hpp">
      <Filter>internal\Game\Bethesda</Filter>
    </ClInclude>
    <ClInclude Include="internal\Game\Bethesda\ExtraActivateRef.hpp">
      <Filter>internal\Game\Bethesda</Filter>
    </ClInclude>
    <ClInclude Include="internal\Game\Bethesda\RefActivateData.hpp">
      <Filter>internal\Game\Bethesda</Filter>
    </ClInclude>
    <ClInclude Include="internal\Game\Bethesda\FactionRank.hpp">
      <Filter>internal\Game\Bethesda</Filter>
    </ClInclude>
    <ClInclude Include="internal\Game\Bethesda\DismemberedLimb.hpp">
      <Filter>internal\Game\Bethesda</Filter>
    </ClInclude>
    <ClInclude Include="internal\Game\Bethesda\ExtraDismemberedLimbs.hpp">
      <Filter>internal\Game\Bethesda</Filter>
    </ClInclude>
    <ClInclude Include="internal\Game\Bethesda\ExtraContainerChanges.hpp">
      <Filter>internal\Game\Bethesda</Filter>
    </ClInclude>
    <ClInclude Include="internal\Game\Bethesda\ExtraScript.hpp">
      <Filter>internal\Game\Bethesda</Filter>
    </ClInclude>
    <ClInclude Include="internal\Game\Obsidian\AudioMarkerData.hpp">
      <Filter>internal\Game\Obsidian</Filter>
    </ClInclude>
    <ClInclude Include="internal\Game\Obsidian\ExtraAudioMarker.hpp">
      <Filter>internal\Game\Obsidian</Filter>
    </ClInclude>
    <ClInclude Include="internal\Game\Gamebryo\NiPoint2.hpp">
      <Filter>internal\Game\Gamebryo</Filter>
    </ClInclude>
    <ClInclude Include="internal\Game\Gamebryo\NiPoint3.hpp">
      <Filter>internal\Game\Gamebryo</Filter>
    </ClInclude>
    <ClInclude Include="internal\Game\Gamebryo\NiPoint4.hpp">
      <Filter>internal\Game\Gamebryo</Filter>
    </ClInclude>
    <ClInclude Include="internal\Game\Obsidian\AudioMarkerInfo.hpp">
      <Filter>internal\Game\Obsidian</Filter>
    </ClInclude>
    <ClInclude Include="internal\JG\TaskQueue.hpp">
      <Filter>internal\JG</Filter>
    </ClInclude>
    <ClInclude Include="internal\Game\Bethesda\BSShaderManager.hpp">
      <Filter>internal\Game\Bethesda</Filter>
    </ClInclude>
    <ClInclude Include="internal\Game\Gamebryo\NiParticles.hpp">
      <Filter>internal\Game\Gamebryo</Filter>
    </ClInclude>
    <ClInclude Include="internal\Game\Gamebryo\NiParticleSystem.hpp">
      <Filter>internal\Game\Gamebryo</Filter>
    </ClInclude>
    <ClInclude Include="internal\Game\Gamebryo\NiProperty.hpp">
      <Filter>internal\Game\Gamebryo</Filter>
    </ClInclude>
    <ClInclude Include="internal\Game\Gamebryo\NiPropertyState.hpp">
      <Filter>internal\Game\Gamebryo</Filter>
    </ClInclude>
    <ClInclude Include="internal\Game\Gamebryo\NiPSysBoxEmitter.hpp">
      <Filter>internal\Game\Gamebryo</Filter>
    </ClInclude>
    <ClInclude Include="internal\Game\Gamebryo\NiPSysEmitter.hpp">
      <Filter>internal\Game\Gamebryo</Filter>
    </ClInclude>
    <ClInclude Include="internal\Game\Gamebryo\NiPSysModifier.hpp">
      <Filter>internal\Game\Gamebryo</Filter>
    </ClInclude>
    <ClInclude Include="internal\Game\Gamebryo\NiPSysVolumeEmitter.hpp">
      <Filter>internal\Game\Gamebryo</Filter>
    </ClInclude>
    <ClInclude Include="internal\Game\Bethesda\TESLeveledList.hpp">
      <Filter>internal\Game\Bethesda</Filter>
    </ClInclude>
    <ClInclude Include="internal\Game\Bethesda\TESLevItem.hpp">
      <Filter>internal\Game\Bethesda</Filter>
    </ClInclude>
    <ClInclude Include="events\JohnnyMessageData.hpp">
      <Filter>events</Filter>
    </ClInclude>
    <ClInclude Include="internal\CommandOpcodes.h">
      <Filter>internal</Filter>
    </ClInclude>
    <ClInclude Include="internal\JG\RadioSkipOGGWAVPatch.hpp">
      <Filter>internal\JG</Filter>
    </ClInclude>
    <ClInclude Include="internal\JIP\JIPSettings.hpp">
      <Filter>internal\JIP</Filter>
    </ClInclude>
    <ClInclude Include="internal\JIP\JIPUtils.hpp">
      <Filter>internal\JIP</Filter>
    </ClInclude>
    <ClInclude Include="internal\JG\FixedStringsRework.hpp">
      <Filter>internal\JG</Filter>
    </ClInclude>
    <ClInclude Include="internal\Game\Bethesda\TLSData.hpp">
      <Filter>internal\Game\Bethesda</Filter>
    </ClInclude>
    <ClInclude Include="internal\Game\Bethesda\ExtraItemDropper.hpp">
      <Filter>internal\Game\Bethesda</Filter>
    </ClInclude>
    <ClInclude Include="internal\Game\Bethesda\ExtraWeaponModFlags.hpp">
      <Filter>internal\Game\Bethesda</Filter>
    </ClInclude>
    <ClInclude Include="internal\JG\CameraOverlay.hpp">
      <Filter>internal\JG</Filter>
    </ClInclude>
    <ClInclude Include="internal\Game\Bethesda\BSShaderUtil.hpp">
      <Filter>internal\Game\Bethesda</Filter>
    </ClInclude>
    <ClInclude Include="internal\Game\Bethesda\TESMain.hpp">
      <Filter>internal\Game\Bethesda</Filter>
    </ClInclude>
    <ClInclude Include="internal\Game\Bethesda\ScrapHeap.hpp">
      <Filter>internal\Game\Bethesda</Filter>
    </ClInclude>
    <ClInclude Include="internal\Game\Bethesda\BSPackedTaskQueue.hpp">
      <Filter>internal\Game\Bethesda</Filter>
    </ClInclude>
    <ClInclude Include="internal\Game\Bethesda\BSSemaphore.hpp">
      <Filter>internal\Game\Bethesda</Filter>
    </ClInclude>
    <ClInclude Include="internal\Game\Bethesda\BSPackedTask.hpp">
      <Filter>internal\Game\Bethesda</Filter>
    </ClInclude>
    <ClInclude Include="internal\Game\Bethesda\BSTCommonLLMessageQueue.hpp">
      <Filter>internal\Game\Bethesda</Filter>
    </ClInclude>
    <ClInclude Include="internal\Game\Bethesda\BSTCommonMessageQueue.hpp">
      <Filter>internal\Game\Bethesda</Filter>
    </ClInclude>
    <ClInclude Include="internal\Game\Bethesda\BSTCommonScrapHeapMessageQueue.hpp">
      <Filter>internal\Game\Bethesda</Filter>
    </ClInclude>
    <ClInclude Include="internal\Game\Bethesda\BSScrapHeapQueueElem.hpp">
      <Filter>internal\Game\Bethesda</Filter>
    </ClInclude>
    <ClInclude Include="internal\Game\Bethesda\BSNonReentrantSpinLock.hpp">
      <Filter>internal\Game\Bethesda</Filter>
    </ClInclude>
    <ClInclude Include="internal\Game\Bethesda\BSTMessageQueue.hpp">
      <Filter>internal\Game\Bethesda</Filter>
    </ClInclude>
    <ClInclude Include="internal\Game\Gamebryo\NiCullingProcess.hpp">
      <Filter>internal\Game\Gamebryo</Filter>
    </ClInclude>
    <ClInclude Include="internal\Game\Gamebryo\NiFrustum.hpp">
      <Filter>internal\Game\Gamebryo</Filter>
    </ClInclude>
    <ClInclude Include="internal\Game\Gamebryo\NiFrustumPlanes.hpp">
      <Filter>internal\Game\Gamebryo</Filter>
    </ClInclude>
    <ClInclude Include="internal\Game\Gamebryo\NiPlane.hpp">
      <Filter>internal\Game\Gamebryo</Filter>
    </ClInclude>
    <ClInclude Include="internal\Game\Gamebryo\NiVisibleArray.hpp">
      <Filter>internal\Game\Gamebryo</Filter>
    </ClInclude>
    <ClInclude Include="internal\Game\Bethesda\NiUpdateData.hpp">
      <Filter>internal\Game\Bethesda</Filter>
    </ClInclude>
    <ClInclude Include="internal\Game\Gamebryo\NiTransform.hpp">
      <Filter>internal\Game\Gamebryo</Filter>
    </ClInclude>
    <ClInclude Include="internal\Game\Gamebryo\NiMatrix3.hpp">
      <Filter>internal\Game\Gamebryo</Filter>
    </ClInclude>
    <ClInclude Include="internal\Game\Bethesda\BSCullingProcess.hpp">
      <Filter>internal\Game\Bethesda</Filter>
    </ClInclude>
    <ClInclude Include="internal\Game\Gamebryo\NiAccumulator.hpp">
      <Filter>internal\Game\Gamebryo</Filter>
    </ClInclude>
    <ClInclude Include="internal\Game\Gamebryo\NiBackToFrontAccumulator.hpp">
      <Filter>internal\Game\Gamebryo</Filter>
    </ClInclude>
    <ClInclude Include="internal\Game\Gamebryo\NiAlphaAccumulator.hpp">
      <Filter>internal\Game\Gamebryo</Filter>
    </ClInclude>
    <ClInclude Include="internal\Game\Gamebryo\NiObjectNET.hpp">
      <Filter>internal\Game\Gamebryo</Filter>
    </ClInclude>
    <ClInclude Include="internal\JG\LandRemapping.hpp">
      <Filter>internal\JG</Filter>
    </ClInclude>
    <ClInclude Include="internal\Game\Bethesda\TESChildCell.hpp">
      <Filter>internal\Game\Bethesda</Filter>
    </ClInclude>
    <ClInclude Include="internal\Game\Bethesda\TESObjectLAND.hpp">
      <Filter>internal\Game\Bethesda</Filter>
    </ClInclude>
    <ClInclude Include="internal\Game\Gamebryo\NiColor.hpp">
      <Filter>internal\Game\Gamebryo</Filter>
    </ClInclude>
    <ClInclude Include="internal\Game\Gamebryo\NiColorA.hpp">
      <Filter>internal\Game\Gamebryo</Filter>
    </ClInclude>
    <ClInclude Include="internal\Game\Bethesda\QueuedFile.hpp">
      <Filter>internal\Game\Bethesda</Filter>
    </ClInclude>
    <ClInclude Include="internal\Game\Bethesda\QueuedChildren.hpp">
      <Filter>internal\Game\Bethesda</Filter>
    </ClInclude>
    <ClInclude Include="internal\Game\Bethesda\FixedStrings.hpp">
      <Filter>internal\Game\Bethesda</Filter>
    </ClInclude>
    <ClInclude Include="internal\Game\Bethesda\BSTimer.hpp">
      <Filter>internal\Game\Bethesda</Filter>
    </ClInclude>
    <ClInclude Include="internal\Game\Bethesda\TimeGlobal.hpp">
      <Filter>internal\Game\Bethesda</Filter>
    </ClInclude>
    <ClInclude Include="internal\Game\Bethesda\BSTextureManager.hpp">
      <Filter>internal\Game\Bethesda</Filter>
    </ClInclude>
    <ClInclude Include="internal\Game\Bethesda\TESIcon.hpp">
      <Filter>internal\Game\Bethesda</Filter>
    </ClInclude>
    <ClInclude Include="internal\Game\Bethesda\TESTexture.hpp">
      <Filter>internal\Game\Bethesda</Filter>
    </ClInclude>
    <ClInclude Include="internal\Game\Bethesda\TESTexture1024.hpp">
      <Filter>internal\Game\Bethesda</Filter>
    </ClInclude>
    <ClInclude Include="internal\Game\Bethesda\BGSSaveLoadManager.hpp">
      <Filter>internal\Game\Bethesda</Filter>
    </ClInclude>
    <ClInclude Include="internal\Game\Bethesda\BGSSaveLoadFile.hpp">
      <Filter>internal\Game\Bethesda</Filter>
    </ClInclude>
    <ClInclude Include="internal\JG\ScriptUtils.hpp">
      <Filter>internal\JG</Filter>
    </ClInclude>
    <ClInclude Include="internal\JG\JohnnySerialization.hpp">
      <Filter>internal\JG\Core</Filter>
    </ClInclude>
    <ClInclude Include="internal\JG\JohnnyPluginData.hpp">
      <Filter>internal\JG\Core</Filter>
    </ClInclude>
    <ClInclude Include="internal\JG\JohnnyPatches.hpp">
      <Filter>internal\JG\Core</Filter>
    </ClInclude>
    <ClInclude Include="internal\JG\JohnnyMessageHandler.hpp">
      <Filter>internal\JG\Core</Filter>
    </ClInclude>
    <ClInclude Include="internal\JG\JohnnyGameSettings.hpp">
      <Filter>internal\JG\Core</Filter>
    </ClInclude>
    <ClInclude Include="internal\JG\JohnnyFixes.hpp">
      <Filter>internal\JG\Core</Filter>
    </ClInclude>
    <ClInclude Include="internal\JG\JohnnyExtraData.hpp">
      <Filter>internal\JG\Core</Filter>
    </ClInclude>
    <ClInclude Include="internal\JG\JohnnyCommands.hpp">
      <Filter>internal\JG\Core</Filter>
    </ClInclude>
  </ItemGroup>
  <ItemGroup>
    <None Include="exports.def" />
    <None Include="internal\Game\Gamebryo\NiTPointerMap.inl">
      <Filter>internal\Game\Gamebryo</Filter>
    </None>
    <None Include="internal\Game\Gamebryo\NiTMapBase.inl">
      <Filter>internal\Game\Gamebryo</Filter>
    </None>
    <None Include="internal\Game\Gamebryo\NiTLargeArray.inl">
      <Filter>internal\Game\Gamebryo</Filter>
    </None>
    <None Include="internal\Game\Gamebryo\NiTListBase.inl">
      <Filter>internal\Game\Gamebryo</Filter>
    </None>
    <None Include="internal\Game\Gamebryo\NiTMap.inl">
      <Filter>internal\Game\Gamebryo</Filter>
    </None>
    <None Include="internal\Game\Gamebryo\NiTPointerListBase.inl">
      <Filter>internal\Game\Gamebryo</Filter>
    </None>
    <None Include="internal\Game\Gamebryo\NiTStringTemplateMap.inl">
      <Filter>internal\Game\Gamebryo</Filter>
    </None>
    <None Include="internal\Game\Gamebryo\NiTArray.inl">
      <Filter>internal\Game\Gamebryo</Filter>
    </None>
    <None Include="internal\Game\Bethesda\BSSimpleArray.inl">
      <Filter>internal\Game\Bethesda</Filter>
    </None>
    <None Include="internal\Game\Bethesda\BSSimpleList.inl">
      <Filter>internal\Game\Bethesda</Filter>
    </None>
    <None Include="internal\Game\Bethesda\BSStringT.inl">
      <Filter>internal\Game\Bethesda</Filter>
    </None>
    <None Include="internal\Game\Bethesda\BSTask.inl">
      <Filter>internal\Game\Bethesda</Filter>
    </None>
    <None Include="internal\Game\Bethesda\SettingT.inl">
      <Filter>internal\Game\Bethesda</Filter>
    </None>
    <None Include="internal\Game\Gamebryo\NiPoint2.inl">
      <Filter>internal\Game\Gamebryo</Filter>
    </None>
    <None Include="internal\Game\Gamebryo\NiPoint3.inl">
      <Filter>internal\Game\Gamebryo</Filter>
    </None>
    <None Include="internal\Game\Gamebryo\NiPoint4.inl">
      <Filter>internal\Game\Gamebryo</Filter>
    </None>
    <None Include="internal\Game\Bethesda\BSTCommonLLMessageQueue.inl">
      <Filter>internal\Game\Bethesda</Filter>
    </None>
    <None Include="internal\Game\Bethesda\BSTCommonMessageQueue.inl">
      <Filter>internal\Game\Bethesda</Filter>
    </None>
  </ItemGroup>
</Project>